
Microsoft Visual Studio Solution File, Format Version 12.00
# Visual Studio Version 16
VisualStudioVersion = 16.0.31605.320
MinimumVisualStudioVersion = 10.0.40219.1
Project("{FAE04EC0-301F-11D3-BF4B-00C04F79EFBC}") = "Game", "Game\Game.csproj", "{19DF0E61-935A-46F8-BF7C-8C0BE338F3A0}"
EndProject
Global
	GlobalSection(SolutionConfigurationPlatforms) = preSolution
		Debug|Any CPU = Debug|Any CPU
		Release|Any CPU = Release|Any CPU
	EndGlobalSection
	GlobalSection(ProjectConfigurationPlatforms) = postSolution
		{19DF0E61-935A-46F8-BF7C-8C0BE338F3A0}.Debug|Any CPU.ActiveCfg = Debug|Any CPU
		{19DF0E61-935A-46F8-BF7C-8C0BE338F3A0}.Debug|Any CPU.Build.0 = Debug|Any CPU
		{19DF0E61-935A-46F8-BF7C-8C0BE338F3A0}.Release|Any CPU.ActiveCfg = Release|Any CPU
		{19DF0E61-935A-46F8-BF7C-8C0BE338F3A0}.Release|Any CPU.Build.0 = Release|Any CPU
	EndGlobalSection
	GlobalSection(SolutionProperties) = preSolution
		HideSolutionNode = FALSE
	EndGlobalSection
	GlobalSection(ExtensibilityGlobals) = postSolution
		SolutionGuid = {04DF759F-399C-444F-AAA0-BA0EEBFE8871}
	EndGlobalSection
EndGlobal
